// !$*UTF8*$!
{
	archiveVersion = 1;
	classes = {
	};
	objectVersion = 55;
	objects = {

/* Begin PBXBuildFile section */
		41907E8C28FCCB770052ED9E /* RecentlyOpenFilesManager.swift in Sources */ = {isa = PBXBuildFile; fileRef = 41907E8B28FCCB770052ED9E /* RecentlyOpenFilesManager.swift */; };
		41FBA7C928ED4F84009470FD /* RecentlyOpenedPDFsViewController.swift in Sources */ = {isa = PBXBuildFile; fileRef = 41FBA7C828ED4F84009470FD /* RecentlyOpenedPDFsViewController.swift */; };
		6E05F03029146DF2009F827F /* TooltipView.swift in Sources */ = {isa = PBXBuildFile; fileRef = 6E05F02F29146DF2009F827F /* TooltipView.swift */; };
		6E05F03229146E38009F827F /* SHUTouchesInterceptorView.swift in Sources */ = {isa = PBXBuildFile; fileRef = 6E05F03129146E38009F827F /* SHUTouchesInterceptorView.swift */; };
		6E1DFEFB28EF84140096F309 /* Common.swift in Sources */ = {isa = PBXBuildFile; fileRef = 6E1DFEFA28EF84140096F309 /* Common.swift */; };
		6E5B04BC28D0996D00D5F25A /* FilePickerView.swift in Sources */ = {isa = PBXBuildFile; fileRef = 6E5B04BB28D0996D00D5F25A /* FilePickerView.swift */; };
		6E5B04BE28D099BC00D5F25A /* Extensions.swift in Sources */ = {isa = PBXBuildFile; fileRef = 6E5B04BD28D099BC00D5F25A /* Extensions.swift */; };
		6E84D98328EB8D300034C170 /* PDFManager.swift in Sources */ = {isa = PBXBuildFile; fileRef = 6E84D98228EB8D300034C170 /* PDFManager.swift */; };
		6E84D98828EDF8F40034C170 /* OpenedPDFSceneDelegate.swift in Sources */ = {isa = PBXBuildFile; fileRef = 6E84D98728EDF8F40034C170 /* OpenedPDFSceneDelegate.swift */; };
		6E84D98A28EE06B00034C170 /* PDFThumbnailsViewController.swift in Sources */ = {isa = PBXBuildFile; fileRef = 6E84D98928EE06B00034C170 /* PDFThumbnailsViewController.swift */; };
		6E84D98C28EE06D90034C170 /* PDFPagesViewController.swift in Sources */ = {isa = PBXBuildFile; fileRef = 6E84D98B28EE06D90034C170 /* PDFPagesViewController.swift */; };
		6E84D99128EE342F0034C170 /* Localizable.strings in Resources */ = {isa = PBXBuildFile; fileRef = 6E84D99328EE342F0034C170 /* Localizable.strings */; };
		6EB7977D28B8B5C9002120E1 /* AppDelegate.swift in Sources */ = {isa = PBXBuildFile; fileRef = 6EB7977C28B8B5C9002120E1 /* AppDelegate.swift */; };
		6EB7977F28B8B5C9002120E1 /* RecentlyOpenedPDFsSceneDelegate.swift in Sources */ = {isa = PBXBuildFile; fileRef = 6EB7977E28B8B5C9002120E1 /* RecentlyOpenedPDFsSceneDelegate.swift */; };
		6EB7978128B8B5C9002120E1 /* SplitViewController.swift in Sources */ = {isa = PBXBuildFile; fileRef = 6EB7978028B8B5C9002120E1 /* SplitViewController.swift */; };
		6EB7978628B8B5CC002120E1 /* Assets.xcassets in Resources */ = {isa = PBXBuildFile; fileRef = 6EB7978528B8B5CC002120E1 /* Assets.xcassets */; };
		6EB7978928B8B5CC002120E1 /* LaunchScreen.storyboard in Resources */ = {isa = PBXBuildFile; fileRef = 6EB7978728B8B5CC002120E1 /* LaunchScreen.storyboard */; };
		6EBFEF9E2903630400EA9A3B /* AnimatedCheckmark.swift in Sources */ = {isa = PBXBuildFile; fileRef = 6EBFEF9D2903630400EA9A3B /* AnimatedCheckmark.swift */; };
		6ECC642F2908824600D8542B /* GoogleMobileAds in Frameworks */ = {isa = PBXBuildFile; productRef = 6ECC642E2908824600D8542B /* GoogleMobileAds */; };
		6ECC64312908844A00D8542B /* GoogleADBannerView.swift in Sources */ = {isa = PBXBuildFile; fileRef = 6ECC64302908844900D8542B /* GoogleADBannerView.swift */; };
		6ECC64352908973E00D8542B /* StoreKit.framework in Frameworks */ = {isa = PBXBuildFile; fileRef = 6ECC64342908973E00D8542B /* StoreKit.framework */; };
		6ECC64372908987700D8542B /* StoreKitManager.swift in Sources */ = {isa = PBXBuildFile; fileRef = 6ECC64362908987700D8542B /* StoreKitManager.swift */; };
/* End PBXBuildFile section */

/* Begin PBXFileReference section */
		41907E8828FCC8A50052ED9E /* To Do.txt */ = {isa = PBXFileReference; lastKnownFileType = text; path = "To Do.txt"; sourceTree = "<group>"; };
		41907E8B28FCCB770052ED9E /* RecentlyOpenFilesManager.swift */ = {isa = PBXFileReference; lastKnownFileType = sourcecode.swift; path = RecentlyOpenFilesManager.swift; sourceTree = "<group>"; };
		41FBA7C828ED4F84009470FD /* RecentlyOpenedPDFsViewController.swift */ = {isa = PBXFileReference; lastKnownFileType = sourcecode.swift; path = RecentlyOpenedPDFsViewController.swift; sourceTree = "<group>"; };
		6E05F02F29146DF2009F827F /* TooltipView.swift */ = {isa = PBXFileReference; fileEncoding = 4; lastKnownFileType = sourcecode.swift; path = TooltipView.swift; sourceTree = "<group>"; };
		6E05F03129146E38009F827F /* SHUTouchesInterceptorView.swift */ = {isa = PBXFileReference; fileEncoding = 4; lastKnownFileType = sourcecode.swift; path = SHUTouchesInterceptorView.swift; sourceTree = "<group>"; };
		6E1DFEFA28EF84140096F309 /* Common.swift */ = {isa = PBXFileReference; lastKnownFileType = sourcecode.swift; path = Common.swift; sourceTree = "<group>"; };
		6E5B04BB28D0996D00D5F25A /* FilePickerView.swift */ = {isa = PBXFileReference; lastKnownFileType = sourcecode.swift; path = FilePickerView.swift; sourceTree = "<group>"; };
		6E5B04BD28D099BC00D5F25A /* Extensions.swift */ = {isa = PBXFileReference; lastKnownFileType = sourcecode.swift; path = Extensions.swift; sourceTree = "<group>"; };
		6E84D98228EB8D300034C170 /* PDFManager.swift */ = {isa = PBXFileReference; lastKnownFileType = sourcecode.swift; path = PDFManager.swift; sourceTree = "<group>"; };
		6E84D98728EDF8F40034C170 /* OpenedPDFSceneDelegate.swift */ = {isa = PBXFileReference; lastKnownFileType = sourcecode.swift; path = OpenedPDFSceneDelegate.swift; sourceTree = "<group>"; };
		6E84D98928EE06B00034C170 /* PDFThumbnailsViewController.swift */ = {isa = PBXFileReference; lastKnownFileType = sourcecode.swift; path = PDFThumbnailsViewController.swift; sourceTree = "<group>"; };
		6E84D98B28EE06D90034C170 /* PDFPagesViewController.swift */ = {isa = PBXFileReference; lastKnownFileType = sourcecode.swift; path = PDFPagesViewController.swift; sourceTree = "<group>"; };
		6E84D99228EE342F0034C170 /* en */ = {isa = PBXFileReference; lastKnownFileType = text.plist.strings; name = en; path = en.lproj/Localizable.strings; sourceTree = "<group>"; };
		6EB7977928B8B5C9002120E1 /* PDF Manipulator.app */ = {isa = PBXFileReference; explicitFileType = wrapper.application; includeInIndex = 0; path = "PDF Manipulator.app"; sourceTree = BUILT_PRODUCTS_DIR; };
		6EB7977C28B8B5C9002120E1 /* AppDelegate.swift */ = {isa = PBXFileReference; lastKnownFileType = sourcecode.swift; path = AppDelegate.swift; sourceTree = "<group>"; };
		6EB7977E28B8B5C9002120E1 /* RecentlyOpenedPDFsSceneDelegate.swift */ = {isa = PBXFileReference; lastKnownFileType = sourcecode.swift; path = RecentlyOpenedPDFsSceneDelegate.swift; sourceTree = "<group>"; };
		6EB7978028B8B5C9002120E1 /* SplitViewController.swift */ = {isa = PBXFileReference; lastKnownFileType = sourcecode.swift; path = SplitViewController.swift; sourceTree = "<group>"; };
		6EB7978528B8B5CC002120E1 /* Assets.xcassets */ = {isa = PBXFileReference; lastKnownFileType = folder.assetcatalog; path = Assets.xcassets; sourceTree = "<group>"; };
		6EB7978828B8B5CC002120E1 /* Base */ = {isa = PBXFileReference; lastKnownFileType = file.storyboard; name = Base; path = Base.lproj/LaunchScreen.storyboard; sourceTree = "<group>"; };
		6EB7978A28B8B5CC002120E1 /* Info.plist */ = {isa = PBXFileReference; lastKnownFileType = text.plist.xml; path = Info.plist; sourceTree = "<group>"; };
		6EBFEF9D2903630400EA9A3B /* AnimatedCheckmark.swift */ = {isa = PBXFileReference; lastKnownFileType = sourcecode.swift; path = AnimatedCheckmark.swift; sourceTree = "<group>"; };
		6ECC64302908844900D8542B /* GoogleADBannerView.swift */ = {isa = PBXFileReference; lastKnownFileType = sourcecode.swift; path = GoogleADBannerView.swift; sourceTree = "<group>"; };
		6ECC64342908973E00D8542B /* StoreKit.framework */ = {isa = PBXFileReference; lastKnownFileType = wrapper.framework; name = StoreKit.framework; path = System/Library/Frameworks/StoreKit.framework; sourceTree = SDKROOT; };
		6ECC64362908987700D8542B /* StoreKitManager.swift */ = {isa = PBXFileReference; fileEncoding = 4; lastKnownFileType = sourcecode.swift; path = StoreKitManager.swift; sourceTree = "<group>"; };
		6EFF9B68291431CA008FAED3 /* PDF Manipulator.storekit */ = {isa = PBXFileReference; lastKnownFileType = text; path = "PDF Manipulator.storekit"; sourceTree = "<group>"; };
/* End PBXFileReference section */

/* Begin PBXFrameworksBuildPhase section */
		6EB7977628B8B5C9002120E1 /* Frameworks */ = {
			isa = PBXFrameworksBuildPhase;
			buildActionMask = 2147483647;
			files = (
				6ECC642F2908824600D8542B /* GoogleMobileAds in Frameworks */,
				6ECC64352908973E00D8542B /* StoreKit.framework in Frameworks */,
			);
			runOnlyForDeploymentPostprocessing = 0;
		};
/* End PBXFrameworksBuildPhase section */

/* Begin PBXGroup section */
		41907E8A28FCCAD10052ED9E /* Models */ = {
			isa = PBXGroup;
			children = (
				6ECC64362908987700D8542B /* StoreKitManager.swift */,
				6E84D98228EB8D300034C170 /* PDFManager.swift */,
				41907E8B28FCCB770052ED9E /* RecentlyOpenFilesManager.swift */,
			);
			path = Models;
			sourceTree = "<group>";
		};
		6E05F02E29146DCC009F827F /* UIViews */ = {
			isa = PBXGroup;
			children = (
				6E05F02F29146DF2009F827F /* TooltipView.swift */,
				6E05F03129146E38009F827F /* SHUTouchesInterceptorView.swift */,
			);
			path = UIViews;
			sourceTree = "<group>";
		};
		6E84D98D28EE07260034C170 /* RecentlyOpenedPDF */ = {
			isa = PBXGroup;
			children = (
				6EB7977E28B8B5C9002120E1 /* RecentlyOpenedPDFsSceneDelegate.swift */,
				41FBA7C828ED4F84009470FD /* RecentlyOpenedPDFsViewController.swift */,
			);
			path = RecentlyOpenedPDF;
			sourceTree = "<group>";
		};
		6E84D98E28EE074A0034C170 /* OpenedPDF */ = {
			isa = PBXGroup;
			children = (
				6E84D98728EDF8F40034C170 /* OpenedPDFSceneDelegate.swift */,
				6EB7978028B8B5C9002120E1 /* SplitViewController.swift */,
				6E84D98928EE06B00034C170 /* PDFThumbnailsViewController.swift */,
				6E84D98B28EE06D90034C170 /* PDFPagesViewController.swift */,
				6E1DFEFA28EF84140096F309 /* Common.swift */,
			);
			path = OpenedPDF;
			sourceTree = "<group>";
		};
		6EB7977028B8B5C9002120E1 = {
			isa = PBXGroup;
			children = (
				6EB7977B28B8B5C9002120E1 /* PDF Manipulator */,
				6EB7977A28B8B5C9002120E1 /* Products */,
				6ECC64332908973E00D8542B /* Frameworks */,
			);
			sourceTree = "<group>";
		};
		6EB7977A28B8B5C9002120E1 /* Products */ = {
			isa = PBXGroup;
			children = (
				6EB7977928B8B5C9002120E1 /* PDF Manipulator.app */,
			);
			name = Products;
			sourceTree = "<group>";
		};
		6EB7977B28B8B5C9002120E1 /* PDF Manipulator */ = {
			isa = PBXGroup;
			children = (
				41907E8828FCC8A50052ED9E /* To Do.txt */,
				6EB7977C28B8B5C9002120E1 /* AppDelegate.swift */,
				6E05F02E29146DCC009F827F /* UIViews */,
				6ECC64392908A50800D8542B /* SwiftUI Views */,
				41907E8A28FCCAD10052ED9E /* Models */,
				6E84D98E28EE074A0034C170 /* OpenedPDF */,
				6E84D98D28EE07260034C170 /* RecentlyOpenedPDF */,
				6EB7978528B8B5CC002120E1 /* Assets.xcassets */,
				6EB7978728B8B5CC002120E1 /* LaunchScreen.storyboard */,
				6EB7978A28B8B5CC002120E1 /* Info.plist */,
				6E5B04BD28D099BC00D5F25A /* Extensions.swift */,
				6E5B04BB28D0996D00D5F25A /* FilePickerView.swift */,
				6E84D99328EE342F0034C170 /* Localizable.strings */,
				6EFF9B68291431CA008FAED3 /* PDF Manipulator.storekit */,
			);
			path = "PDF Manipulator";
			sourceTree = "<group>";
		};
		6ECC64332908973E00D8542B /* Frameworks */ = {
			isa = PBXGroup;
			children = (
				6ECC64342908973E00D8542B /* StoreKit.framework */,
			);
			name = Frameworks;
			sourceTree = "<group>";
		};
		6ECC64392908A50800D8542B /* SwiftUI Views */ = {
			isa = PBXGroup;
			children = (
				6EBFEF9D2903630400EA9A3B /* AnimatedCheckmark.swift */,
				6ECC64302908844900D8542B /* GoogleADBannerView.swift */,
			);
			path = "SwiftUI Views";
			sourceTree = "<group>";
		};
/* End PBXGroup section */

/* Begin PBXNativeTarget section */
		6EB7977828B8B5C9002120E1 /* PDF Manipulator */ = {
			isa = PBXNativeTarget;
			buildConfigurationList = 6EB7978D28B8B5CC002120E1 /* Build configuration list for PBXNativeTarget "PDF Manipulator" */;
			buildPhases = (
				6EB7977528B8B5C9002120E1 /* Sources */,
				6EB7977628B8B5C9002120E1 /* Frameworks */,
				6EB7977728B8B5C9002120E1 /* Resources */,
			);
			buildRules = (
			);
			dependencies = (
			);
			name = "PDF Manipulator";
			packageProductDependencies = (
				6ECC642E2908824600D8542B /* GoogleMobileAds */,
			);
			productName = "PDF Splitter";
			productReference = 6EB7977928B8B5C9002120E1 /* PDF Manipulator.app */;
			productType = "com.apple.product-type.application";
		};
/* End PBXNativeTarget section */

/* Begin PBXProject section */
		6EB7977128B8B5C9002120E1 /* Project object */ = {
			isa = PBXProject;
			attributes = {
				BuildIndependentTargetsInParallel = 1;
				LastSwiftUpdateCheck = 1340;
				LastUpgradeCheck = 1340;
				TargetAttributes = {
					6EB7977828B8B5C9002120E1 = {
						CreatedOnToolsVersion = 13.4.1;
						LastSwiftMigration = 1410;
					};
				};
			};
			buildConfigurationList = 6EB7977428B8B5C9002120E1 /* Build configuration list for PBXProject "PDF Manipulator" */;
			compatibilityVersion = "Xcode 13.0";
			developmentRegion = en;
			hasScannedForEncodings = 0;
			knownRegions = (
				en,
				Base,
			);
			mainGroup = 6EB7977028B8B5C9002120E1;
			packageReferences = (
				6ECC642D2908824600D8542B /* XCRemoteSwiftPackageReference "swift-package-manager-google-mobile-ads" */,
			);
			productRefGroup = 6EB7977A28B8B5C9002120E1 /* Products */;
			projectDirPath = "";
			projectRoot = "";
			targets = (
				6EB7977828B8B5C9002120E1 /* PDF Manipulator */,
			);
		};
/* End PBXProject section */

/* Begin PBXResourcesBuildPhase section */
		6EB7977728B8B5C9002120E1 /* Resources */ = {
			isa = PBXResourcesBuildPhase;
			buildActionMask = 2147483647;
			files = (
				6EB7978928B8B5CC002120E1 /* LaunchScreen.storyboard in Resources */,
				6E84D99128EE342F0034C170 /* Localizable.strings in Resources */,
				6EB7978628B8B5CC002120E1 /* Assets.xcassets in Resources */,
			);
			runOnlyForDeploymentPostprocessing = 0;
		};
/* End PBXResourcesBuildPhase section */

/* Begin PBXSourcesBuildPhase section */
		6EB7977528B8B5C9002120E1 /* Sources */ = {
			isa = PBXSourcesBuildPhase;
			buildActionMask = 2147483647;
			files = (
				6E5B04BC28D0996D00D5F25A /* FilePickerView.swift in Sources */,
				6E84D98828EDF8F40034C170 /* OpenedPDFSceneDelegate.swift in Sources */,
				6E05F03029146DF2009F827F /* TooltipView.swift in Sources */,
				6ECC64312908844A00D8542B /* GoogleADBannerView.swift in Sources */,
				6EB7978128B8B5C9002120E1 /* SplitViewController.swift in Sources */,
				6E5B04BE28D099BC00D5F25A /* Extensions.swift in Sources */,
				6E1DFEFB28EF84140096F309 /* Common.swift in Sources */,
				6E84D98C28EE06D90034C170 /* PDFPagesViewController.swift in Sources */,
				6E05F03229146E38009F827F /* SHUTouchesInterceptorView.swift in Sources */,
				6E84D98A28EE06B00034C170 /* PDFThumbnailsViewController.swift in Sources */,
				6EB7977D28B8B5C9002120E1 /* AppDelegate.swift in Sources */,
				6ECC64372908987700D8542B /* StoreKitManager.swift in Sources */,
				6E84D98328EB8D300034C170 /* PDFManager.swift in Sources */,
				41FBA7C928ED4F84009470FD /* RecentlyOpenedPDFsViewController.swift in Sources */,
				6EB7977F28B8B5C9002120E1 /* RecentlyOpenedPDFsSceneDelegate.swift in Sources */,
				41907E8C28FCCB770052ED9E /* RecentlyOpenFilesManager.swift in Sources */,
				6EBFEF9E2903630400EA9A3B /* AnimatedCheckmark.swift in Sources */,
			);
			runOnlyForDeploymentPostprocessing = 0;
		};
/* End PBXSourcesBuildPhase section */

/* Begin PBXVariantGroup section */
		6E84D99328EE342F0034C170 /* Localizable.strings */ = {
			isa = PBXVariantGroup;
			children = (
				6E84D99228EE342F0034C170 /* en */,
			);
			name = Localizable.strings;
			sourceTree = "<group>";
		};
		6EB7978728B8B5CC002120E1 /* LaunchScreen.storyboard */ = {
			isa = PBXVariantGroup;
			children = (
				6EB7978828B8B5CC002120E1 /* Base */,
			);
			name = LaunchScreen.storyboard;
			sourceTree = "<group>";
		};
/* End PBXVariantGroup section */

/* Begin XCBuildConfiguration section */
		6EB7978B28B8B5CC002120E1 /* Debug */ = {
			isa = XCBuildConfiguration;
			buildSettings = {
				ALWAYS_SEARCH_USER_PATHS = NO;
				CLANG_ANALYZER_NONNULL = YES;
				CLANG_ANALYZER_NUMBER_OBJECT_CONVERSION = YES_AGGRESSIVE;
				CLANG_CXX_LANGUAGE_STANDARD = "gnu++17";
				CLANG_ENABLE_MODULES = YES;
				CLANG_ENABLE_OBJC_ARC = YES;
				CLANG_ENABLE_OBJC_WEAK = YES;
				CLANG_WARN_BLOCK_CAPTURE_AUTORELEASING = YES;
				CLANG_WARN_BOOL_CONVERSION = YES;
				CLANG_WARN_COMMA = YES;
				CLANG_WARN_CONSTANT_CONVERSION = YES;
				CLANG_WARN_DEPRECATED_OBJC_IMPLEMENTATIONS = YES;
				CLANG_WARN_DIRECT_OBJC_ISA_USAGE = YES_ERROR;
				CLANG_WARN_DOCUMENTATION_COMMENTS = YES;
				CLANG_WARN_EMPTY_BODY = YES;
				CLANG_WARN_ENUM_CONVERSION = YES;
				CLANG_WARN_INFINITE_RECURSION = YES;
				CLANG_WARN_INT_CONVERSION = YES;
				CLANG_WARN_NON_LITERAL_NULL_CONVERSION = YES;
				CLANG_WARN_OBJC_IMPLICIT_RETAIN_SELF = YES;
				CLANG_WARN_OBJC_LITERAL_CONVERSION = YES;
				CLANG_WARN_OBJC_ROOT_CLASS = YES_ERROR;
				CLANG_WARN_QUOTED_INCLUDE_IN_FRAMEWORK_HEADER = YES;
				CLANG_WARN_RANGE_LOOP_ANALYSIS = YES;
				CLANG_WARN_STRICT_PROTOTYPES = YES;
				CLANG_WARN_SUSPICIOUS_MOVE = YES;
				CLANG_WARN_UNGUARDED_AVAILABILITY = YES_AGGRESSIVE;
				CLANG_WARN_UNREACHABLE_CODE = YES;
				CLANG_WARN__DUPLICATE_METHOD_MATCH = YES;
				COPY_PHASE_STRIP = NO;
				DEBUG_INFORMATION_FORMAT = dwarf;
				ENABLE_STRICT_OBJC_MSGSEND = YES;
				ENABLE_TESTABILITY = YES;
				GCC_C_LANGUAGE_STANDARD = gnu11;
				GCC_DYNAMIC_NO_PIC = NO;
				GCC_NO_COMMON_BLOCKS = YES;
				GCC_OPTIMIZATION_LEVEL = 0;
				GCC_PREPROCESSOR_DEFINITIONS = (
					"DEBUG=1",
					"$(inherited)",
				);
				GCC_WARN_64_TO_32_BIT_CONVERSION = YES;
				GCC_WARN_ABOUT_RETURN_TYPE = YES_ERROR;
				GCC_WARN_UNDECLARED_SELECTOR = YES;
				GCC_WARN_UNINITIALIZED_AUTOS = YES_AGGRESSIVE;
				GCC_WARN_UNUSED_FUNCTION = YES;
				GCC_WARN_UNUSED_VARIABLE = YES;
				IPHONEOS_DEPLOYMENT_TARGET = 15.0;
				MTL_ENABLE_DEBUG_INFO = INCLUDE_SOURCE;
				MTL_FAST_MATH = YES;
				ONLY_ACTIVE_ARCH = YES;
				SDKROOT = iphoneos;
				SWIFT_ACTIVE_COMPILATION_CONDITIONS = DEBUG;
				SWIFT_OPTIMIZATION_LEVEL = "-Onone";
			};
			name = Debug;
		};
		6EB7978C28B8B5CC002120E1 /* Release */ = {
			isa = XCBuildConfiguration;
			buildSettings = {
				ALWAYS_SEARCH_USER_PATHS = NO;
				CLANG_ANALYZER_NONNULL = YES;
				CLANG_ANALYZER_NUMBER_OBJECT_CONVERSION = YES_AGGRESSIVE;
				CLANG_CXX_LANGUAGE_STANDARD = "gnu++17";
				CLANG_ENABLE_MODULES = YES;
				CLANG_ENABLE_OBJC_ARC = YES;
				CLANG_ENABLE_OBJC_WEAK = YES;
				CLANG_WARN_BLOCK_CAPTURE_AUTORELEASING = YES;
				CLANG_WARN_BOOL_CONVERSION = YES;
				CLANG_WARN_COMMA = YES;
				CLANG_WARN_CONSTANT_CONVERSION = YES;
				CLANG_WARN_DEPRECATED_OBJC_IMPLEMENTATIONS = YES;
				CLANG_WARN_DIRECT_OBJC_ISA_USAGE = YES_ERROR;
				CLANG_WARN_DOCUMENTATION_COMMENTS = YES;
				CLANG_WARN_EMPTY_BODY = YES;
				CLANG_WARN_ENUM_CONVERSION = YES;
				CLANG_WARN_INFINITE_RECURSION = YES;
				CLANG_WARN_INT_CONVERSION = YES;
				CLANG_WARN_NON_LITERAL_NULL_CONVERSION = YES;
				CLANG_WARN_OBJC_IMPLICIT_RETAIN_SELF = YES;
				CLANG_WARN_OBJC_LITERAL_CONVERSION = YES;
				CLANG_WARN_OBJC_ROOT_CLASS = YES_ERROR;
				CLANG_WARN_QUOTED_INCLUDE_IN_FRAMEWORK_HEADER = YES;
				CLANG_WARN_RANGE_LOOP_ANALYSIS = YES;
				CLANG_WARN_STRICT_PROTOTYPES = YES;
				CLANG_WARN_SUSPICIOUS_MOVE = YES;
				CLANG_WARN_UNGUARDED_AVAILABILITY = YES_AGGRESSIVE;
				CLANG_WARN_UNREACHABLE_CODE = YES;
				CLANG_WARN__DUPLICATE_METHOD_MATCH = YES;
				COPY_PHASE_STRIP = NO;
				DEBUG_INFORMATION_FORMAT = "dwarf-with-dsym";
				ENABLE_NS_ASSERTIONS = NO;
				ENABLE_STRICT_OBJC_MSGSEND = YES;
				GCC_C_LANGUAGE_STANDARD = gnu11;
				GCC_NO_COMMON_BLOCKS = YES;
				GCC_WARN_64_TO_32_BIT_CONVERSION = YES;
				GCC_WARN_ABOUT_RETURN_TYPE = YES_ERROR;
				GCC_WARN_UNDECLARED_SELECTOR = YES;
				GCC_WARN_UNINITIALIZED_AUTOS = YES_AGGRESSIVE;
				GCC_WARN_UNUSED_FUNCTION = YES;
				GCC_WARN_UNUSED_VARIABLE = YES;
				IPHONEOS_DEPLOYMENT_TARGET = 15.0;
				MTL_ENABLE_DEBUG_INFO = NO;
				MTL_FAST_MATH = YES;
				SDKROOT = iphoneos;
				SWIFT_COMPILATION_MODE = wholemodule;
				SWIFT_OPTIMIZATION_LEVEL = "-O";
				VALIDATE_PRODUCT = YES;
			};
			name = Release;
		};
		6EB7978E28B8B5CC002120E1 /* Debug */ = {
			isa = XCBuildConfiguration;
			buildSettings = {
				ASSETCATALOG_COMPILER_APPICON_NAME = AppIcon;
				ASSETCATALOG_COMPILER_GLOBAL_ACCENT_COLOR_NAME = AccentColor;
				ASSETCATALOG_COMPILER_INCLUDE_ALL_APPICON_ASSETS = NO;
				CLANG_ENABLE_MODULES = YES;
				CODE_SIGN_IDENTITY = "Apple Development";
				CODE_SIGN_STYLE = Automatic;
				CURRENT_PROJECT_VERSION = 1;
				DEVELOPMENT_TEAM = H74EYQDPHH;
				GENERATE_INFOPLIST_FILE = YES;
				INFOPLIST_FILE = "PDF Manipulator/Info.plist";
				INFOPLIST_KEY_LSApplicationCategoryType = "public.app-category.productivity";
				INFOPLIST_KEY_LSSupportsOpeningDocumentsInPlace = YES;
				INFOPLIST_KEY_UIApplicationSupportsIndirectInputEvents = YES;
				INFOPLIST_KEY_UILaunchStoryboardName = LaunchScreen;
				INFOPLIST_KEY_UISupportedInterfaceOrientations = "UIInterfaceOrientationLandscapeLeft UIInterfaceOrientationLandscapeRight UIInterfaceOrientationPortrait UIInterfaceOrientationPortraitUpsideDown";
				INFOPLIST_KEY_UISupportsDocumentBrowser = NO;
				INFOPLIST_KEY_UIUserInterfaceStyle = Light;
				LD_RUNPATH_SEARCH_PATHS = (
					"$(inherited)",
					"@executable_path/Frameworks",
				);
				MARKETING_VERSION = 1.0;
				OTHER_LDFLAGS = "-ObjC";
				PRODUCT_BUNDLE_IDENTIFIER = com.realnotions.pdfmanipulator;
				PRODUCT_NAME = "$(TARGET_NAME)";
				PROVISIONING_PROFILE_SPECIFIER = "";
				SWIFT_EMIT_LOC_STRINGS = YES;
				SWIFT_OPTIMIZATION_LEVEL = "-Onone";
				SWIFT_VERSION = 5.0;
				TARGETED_DEVICE_FAMILY = "1,2";
			};
			name = Debug;
		};
		6EB7978F28B8B5CC002120E1 /* Release */ = {
			isa = XCBuildConfiguration;
			buildSettings = {
				ASSETCATALOG_COMPILER_APPICON_NAME = AppIcon;
				ASSETCATALOG_COMPILER_GLOBAL_ACCENT_COLOR_NAME = AccentColor;
				ASSETCATALOG_COMPILER_INCLUDE_ALL_APPICON_ASSETS = NO;
				CLANG_ENABLE_MODULES = YES;
				CODE_SIGN_IDENTITY = "Apple Development";
				CODE_SIGN_STYLE = Automatic;
				CURRENT_PROJECT_VERSION = 1;
				DEVELOPMENT_TEAM = H74EYQDPHH;
				GENERATE_INFOPLIST_FILE = YES;
				INFOPLIST_FILE = "PDF Manipulator/Info.plist";
				INFOPLIST_KEY_LSApplicationCategoryType = "public.app-category.productivity";
				INFOPLIST_KEY_LSSupportsOpeningDocumentsInPlace = YES;
				INFOPLIST_KEY_UIApplicationSupportsIndirectInputEvents = YES;
				INFOPLIST_KEY_UILaunchStoryboardName = LaunchScreen;
				INFOPLIST_KEY_UISupportedInterfaceOrientations = "UIInterfaceOrientationLandscapeLeft UIInterfaceOrientationLandscapeRight UIInterfaceOrientationPortrait UIInterfaceOrientationPortraitUpsideDown";
				INFOPLIST_KEY_UISupportsDocumentBrowser = NO;
				INFOPLIST_KEY_UIUserInterfaceStyle = Light;
				LD_RUNPATH_SEARCH_PATHS = (
					"$(inherited)",
					"@executable_path/Frameworks",
				);
				MARKETING_VERSION = 1.0;
				OTHER_LDFLAGS = "-ObjC";
				PRODUCT_BUNDLE_IDENTIFIER = com.realnotions.pdfmanipulator;
				PRODUCT_NAME = "$(TARGET_NAME)";
				PROVISIONING_PROFILE_SPECIFIER = "";
				SWIFT_EMIT_LOC_STRINGS = YES;
				SWIFT_VERSION = 5.0;
				TARGETED_DEVICE_FAMILY = "1,2";
			};
			name = Release;
		};
/* End XCBuildConfiguration section */

/* Begin XCConfigurationList section */
		6EB7977428B8B5C9002120E1 /* Build configuration list for PBXProject "PDF Manipulator" */ = {
			isa = XCConfigurationList;
			buildConfigurations = (
				6EB7978B28B8B5CC002120E1 /* Debug */,
				6EB7978C28B8B5CC002120E1 /* Release */,
			);
			defaultConfigurationIsVisible = 0;
			defaultConfigurationName = Release;
		};
		6EB7978D28B8B5CC002120E1 /* Build configuration list for PBXNativeTarget "PDF Manipulator" */ = {
			isa = XCConfigurationList;
			buildConfigurations = (
				6EB7978E28B8B5CC002120E1 /* Debug */,
				6EB7978F28B8B5CC002120E1 /* Release */,
			);
			defaultConfigurationIsVisible = 0;
			defaultConfigurationName = Release;
		};
/* End XCConfigurationList section */

/* Begin XCRemoteSwiftPackageReference section */
		6ECC642D2908824600D8542B /* XCRemoteSwiftPackageReference "swift-package-manager-google-mobile-ads" */ = {
			isa = XCRemoteSwiftPackageReference;
			repositoryURL = "https://github.com/googleads/swift-package-manager-google-mobile-ads.git";
			requirement = {
				kind = upToNextMajorVersion;
				minimumVersion = 9.0.0;
			};
		};
/* End XCRemoteSwiftPackageReference section */

/* Begin XCSwiftPackageProductDependency section */
		6ECC642E2908824600D8542B /* GoogleMobileAds */ = {
			isa = XCSwiftPackageProductDependency;
			package = 6ECC642D2908824600D8542B /* XCRemoteSwiftPackageReference "swift-package-manager-google-mobile-ads" */;
			productName = GoogleMobileAds;
		};
/* End XCSwiftPackageProductDependency section */
	};
	rootObject = 6EB7977128B8B5C9002120E1 /* Project object */;
}
